
Microsoft Visual Studio Solution File, Format Version 12.00
# Visual Studio 15
VisualStudioVersion = 15.0.27004.2010
MinimumVisualStudioVersion = 10.0.40219.1
Project("{FAE04EC0-301F-11D3-BF4B-00C04F79EFBC}") = "kl_praktic_massiv_stroki_3", "kl_praktic_massiv_stroki_3\kl_praktic_massiv_stroki_3.csproj", "{9C115CB6-CBCA-4D71-A74E-A7237D1A321A}"
EndProject
Global
	GlobalSection(SolutionConfigurationPlatforms) = preSolution
		Debug|Any CPU = Debug|Any CPU
		Release|Any CPU = Release|Any CPU
	EndGlobalSection
	GlobalSection(ProjectConfigurationPlatforms) = postSolution
		{9C115CB6-CBCA-4D71-A74E-A7237D1A321A}.Debug|Any CPU.ActiveCfg = Debug|Any CPU
		{9C115CB6-CBCA-4D71-A74E-A7237D1A321A}.Debug|Any CPU.Build.0 = Debug|Any CPU
		{9C115CB6-CBCA-4D71-A74E-A7237D1A321A}.Release|Any CPU.ActiveCfg = Release|Any CPU
		{9C115CB6-CBCA-4D71-A74E-A7237D1A321A}.Release|Any CPU.Build.0 = Release|Any CPU
	EndGlobalSection
	GlobalSection(SolutionProperties) = preSolution
		HideSolutionNode = FALSE
	EndGlobalSection
	GlobalSection(ExtensibilityGlobals) = postSolution
		SolutionGuid = {D410B6AE-53CD-4664-887D-D681E68E1EDF}
	EndGlobalSection
EndGlobal
